
Microsoft Visual Studio Solution File, Format Version 12.00
# Visual Studio Version 16
VisualStudioVersion = 16.0.30320.27
MinimumVisualStudioVersion = 10.0.40219.1
Project("{FAE04EC0-301F-11D3-BF4B-00C04F79EFBC}") = "Verificador_Codigo", "Verificador_Codigo\Verificador_Codigo.csproj", "{408275FA-F866-4AF0-A20A-6B51316C5FB6}"
EndProject
Global
	GlobalSection(SolutionConfigurationPlatforms) = preSolution
		Debug|Any CPU = Debug|Any CPU
		Release|Any CPU = Release|Any CPU
	EndGlobalSection
	GlobalSection(ProjectConfigurationPlatforms) = postSolution
		{408275FA-F866-4AF0-A20A-6B51316C5FB6}.Debug|Any CPU.ActiveCfg = Debug|Any CPU
		{408275FA-F866-4AF0-A20A-6B51316C5FB6}.Debug|Any CPU.Build.0 = Debug|Any CPU
		{408275FA-F866-4AF0-A20A-6B51316C5FB6}.Release|Any CPU.ActiveCfg = Release|Any CPU
		{408275FA-F866-4AF0-A20A-6B51316C5FB6}.Release|Any CPU.Build.0 = Release|Any CPU
	EndGlobalSection
	GlobalSection(SolutionProperties) = preSolution
		HideSolutionNode = FALSE
	EndGlobalSection
	GlobalSection(ExtensibilityGlobals) = postSolution
		SolutionGuid = {98EE8A59-B4B9-4C21-BAE3-773D9A5E3B92}
	EndGlobalSection
EndGlobal
